# This is a Gradle generated file for dependency locking.
# Manual edits can break the build and are not advised.
# This file is expected to be part of source control.
ch.qos.logback:logback-classic:1.2.13=runtimeClasspath
ch.qos.logback:logback-core:1.2.13=runtimeClasspath
com.fasterxml.jackson.core:jackson-annotations:2.16.2=compileClasspath,runtimeClasspath
com.fasterxml.jackson.core:jackson-core:2.16.2=compileClasspath,runtimeClasspath
com.fasterxml.jackson.core:jackson-databind:2.16.2=compileClasspath,runtimeClasspath
com.fasterxml.jackson.dataformat:jackson-dataformat-cbor:2.16.2=compileClasspath,runtimeClasspath
com.fasterxml.jackson:jackson-bom:2.16.2=compileClasspath,runtimeClasspath
io.netty:netty-buffer:4.1.107.Final=compileClasspath,runtimeClasspath
io.netty:netty-codec:4.1.107.Final=compileClasspath,runtimeClasspath
io.netty:netty-common:4.1.107.Final=compileClasspath,runtimeClasspath
io.netty:netty-handler:4.1.107.Final=compileClasspath,runtimeClasspath
io.netty:netty-resolver:4.1.107.Final=compileClasspath,runtimeClasspath
io.netty:netty-transport-native-unix-common:4.1.107.Final=compileClasspath,runtimeClasspath
io.netty:netty-transport:4.1.107.Final=compileClasspath,runtimeClasspath
io.projectreactor:reactor-core:3.4.29=compileClasspath,runtimeClasspath
io.rsocket:rsocket-core:1.1.4=compileClasspath,runtimeClasspath
org.reactivestreams:reactive-streams:1.0.4=compileClasspath,runtimeClasspath
org.slf4j:slf4j-api:1.7.36=compileClasspath,runtimeClasspath
empty=annotationProcessor
